
Microsoft Visual Studio Solution File, Format Version 12.00
# Visual Studio 2012
Project("{FAE04EC0-301F-11D3-BF4B-00C04F79EFBC}") = "Web", "Web\Web.csproj", "{47CDCB48-40BC-4958-9093-5F126800BE57}"
EndProject
Project("{FAE04EC0-301F-11D3-BF4B-00C04F79EFBC}") = "Web.Tests", "Web.Tests\Web.Tests.csproj", "{F50B7680-96C9-40E8-B739-F9F7414F8734}"
EndProject
Project("{2150E333-8FDC-42A3-9474-1A3956D46DE8}") = ".nuget", ".nuget", "{7D5D3FB2-7448-46EA-AAE8-0B9AB0E87BFA}"
	ProjectSection(SolutionItems) = preProject
		.nuget\NuGet.Config = .nuget\NuGet.Config
		.nuget\NuGet.exe = .nuget\NuGet.exe
		.nuget\NuGet.targets = .nuget\NuGet.targets
	EndProjectSection
EndProject
Global
	GlobalSection(SolutionConfigurationPlatforms) = preSolution
		Debug|Any CPU = Debug|Any CPU
		Release|Any CPU = Release|Any CPU
	EndGlobalSection
	GlobalSection(ProjectConfigurationPlatforms) = postSolution
		{47CDCB48-40BC-4958-9093-5F126800BE57}.Debug|Any CPU.ActiveCfg = Debug|Any CPU
		{47CDCB48-40BC-4958-9093-5F126800BE57}.Debug|Any CPU.Build.0 = Debug|Any CPU
		{47CDCB48-40BC-4958-9093-5F126800BE57}.Release|Any CPU.ActiveCfg = Release|Any CPU
		{47CDCB48-40BC-4958-9093-5F126800BE57}.Release|Any CPU.Build.0 = Release|Any CPU
		{F50B7680-96C9-40E8-B739-F9F7414F8734}.Debug|Any CPU.ActiveCfg = Debug|Any CPU
		{F50B7680-96C9-40E8-B739-F9F7414F8734}.Debug|Any CPU.Build.0 = Debug|Any CPU
		{F50B7680-96C9-40E8-B739-F9F7414F8734}.Release|Any CPU.ActiveCfg = Release|Any CPU
		{F50B7680-96C9-40E8-B739-F9F7414F8734}.Release|Any CPU.Build.0 = Release|Any CPU
	EndGlobalSection
	GlobalSection(SolutionProperties) = preSolution
		HideSolutionNode = FALSE
	EndGlobalSection
EndGlobal
